// !$*UTF8*$!
{
	archiveVersion = 1;
	classes = {
	};
	objectVersion = 77;
	objects = {

/* Begin PBXBuildFile section */
		9808851F2DD06C8F00D7BD32 /* NotyChanWatch Watch App.app in Embed Watch Content */ = {isa = PBXBuildFile; fileRef = 980885122DD06C8C00D7BD32 /* NotyChanWatch Watch App.app */; platformFilter = ios; settings = {ATTRIBUTES = (RemoveHeadersOnCopy, ); }; };
		980885352DD06D2B00D7BD32 /* ContentView.swift in Sources */ = {isa = PBXBuildFile; fileRef = 9808852F2DD06D2B00D7BD32 /* ContentView.swift */; };
		980885362DD06D2B00D7BD32 /* FolderListView.swift in Sources */ = {isa = PBXBuildFile; fileRef = 980885302DD06D2B00D7BD32 /* FolderListView.swift */; };
		980885372DD06D2B00D7BD32 /* NoteListView.swift in Sources */ = {isa = PBXBuildFile; fileRef = 980885312DD06D2B00D7BD32 /* NoteListView.swift */; };
		980885382DD06D2B00D7BD32 /* NotyChanWatchApp.swift in Sources */ = {isa = PBXBuildFile; fileRef = 980885322DD06D2B00D7BD32 /* NotyChanWatchApp.swift */; };
		980885392DD06D2B00D7BD32 /* WatchSyncManager.swift in Sources */ = {isa = PBXBuildFile; fileRef = 980885332DD06D2B00D7BD32 /* WatchSyncManager.swift */; };
		9808853A2DD06D2B00D7BD32 /* Preview Assets.xcassets in Resources */ = {isa = PBXBuildFile; fileRef = 9808852C2DD06D2B00D7BD32 /* Preview Assets.xcassets */; };
		9808853B2DD06D2B00D7BD32 /* Assets.xcassets in Resources */ = {isa = PBXBuildFile; fileRef = 9808852E2DD06D2B00D7BD32 /* Assets.xcassets */; };
		9808853D2DD06D5100D7BD32 /* NoteDetailView.swift in Sources */ = {isa = PBXBuildFile; fileRef = 9808853C2DD06D5100D7BD32 /* NoteDetailView.swift */; };
		9808853F2DD06D5B00D7BD32 /* WatchSyncPush.swift in Sources */ = {isa = PBXBuildFile; fileRef = 9808853E2DD06D5B00D7BD32 /* WatchSyncPush.swift */; };
		980885452DD06E4A00D7BD32 /* Folder.swift in Sources */ = {isa = PBXBuildFile; fileRef = 980885412DD06E4A00D7BD32 /* Folder.swift */; };
		980885462DD06E4A00D7BD32 /* Note.swift in Sources */ = {isa = PBXBuildFile; fileRef = 980885432DD06E4A00D7BD32 /* Note.swift */; };
		980885472DD06E4A00D7BD32 /* Localizable.xcstrings in Resources */ = {isa = PBXBuildFile; fileRef = 980885422DD06E4A00D7BD32 /* Localizable.xcstrings */; };
		980885482DD06E4A00D7BD32 /* Folder.swift in Sources */ = {isa = PBXBuildFile; fileRef = 980885412DD06E4A00D7BD32 /* Folder.swift */; };
		980885492DD06E4A00D7BD32 /* Note.swift in Sources */ = {isa = PBXBuildFile; fileRef = 980885432DD06E4A00D7BD32 /* Note.swift */; };
		9808854A2DD06E4A00D7BD32 /* Localizable.xcstrings in Resources */ = {isa = PBXBuildFile; fileRef = 980885422DD06E4A00D7BD32 /* Localizable.xcstrings */; };
		981322AE2DE2B9E500B0BD17 /* CameraView.swift in Sources */ = {isa = PBXBuildFile; fileRef = 981322AD2DE2B9E500B0BD17 /* CameraView.swift */; };
		981B8AB12DD20DBB0045F520 /* NoteImage.swift in Sources */ = {isa = PBXBuildFile; fileRef = 981B8AB02DD20DBB0045F520 /* NoteImage.swift */; };
		981B8AB32DD20EAA0045F520 /* GalleryView.swift in Sources */ = {isa = PBXBuildFile; fileRef = 981B8AB22DD20EAA0045F520 /* GalleryView.swift */; };
		981B8AB42DD20EF90045F520 /* NoteImage.swift in Sources */ = {isa = PBXBuildFile; fileRef = 981B8AB02DD20DBB0045F520 /* NoteImage.swift */; };
		981B8ABC2DD217930045F520 /* ImageDetailView.swift in Sources */ = {isa = PBXBuildFile; fileRef = 981B8ABB2DD217930045F520 /* ImageDetailView.swift */; };
		981B8AC02DD227400045F520 /* GalleryOverviewView.swift in Sources */ = {isa = PBXBuildFile; fileRef = 981B8ABF2DD227400045F520 /* GalleryOverviewView.swift */; };
		981C79642DCCD12700A5D7F7 /* RichTextKit in Frameworks */ = {isa = PBXBuildFile; productRef = 981C79632DCCD12700A5D7F7 /* RichTextKit */; };
		983BE2992DCF3E6500BEE2D3 /* LangView.swift in Sources */ = {isa = PBXBuildFile; fileRef = 983BE2982DCF3E6500BEE2D3 /* LangView.swift */; };
		9847FCE42E02C32E00965BBA /* ArchivedNotesView.swift in Sources */ = {isa = PBXBuildFile; fileRef = 9847FCE32E02C32E00965BBA /* ArchivedNotesView.swift */; };
		987E66072E5EA61400174BA1 /* AboutView.swift in Sources */ = {isa = PBXBuildFile; fileRef = 987E66062E5EA61400174BA1 /* AboutView.swift */; };
		98D3BCEE2DCE39BA00801ED6 /* Preview Assets.xcassets in Resources */ = {isa = PBXBuildFile; fileRef = 98D3BCDC2DCE39BA00801ED6 /* Preview Assets.xcassets */; };
		98D3BCEF2DCE39BA00801ED6 /* Assets.xcassets in Resources */ = {isa = PBXBuildFile; fileRef = 98D3BCDF2DCE39BA00801ED6 /* Assets.xcassets */; };
		98D3BCF02DCE39BA00801ED6 /* AcknowledgementsView.swift in Sources */ = {isa = PBXBuildFile; fileRef = 98D3BCDE2DCE39BA00801ED6 /* AcknowledgementsView.swift */; };
		98D3BCF12DCE39BA00801ED6 /* ContentView.swift in Sources */ = {isa = PBXBuildFile; fileRef = 98D3BCE02DCE39BA00801ED6 /* ContentView.swift */; };
		98D3BCF22DCE39BA00801ED6 /* DeveloperView.swift in Sources */ = {isa = PBXBuildFile; fileRef = 98D3BCE12DCE39BA00801ED6 /* DeveloperView.swift */; };
		98D3BCF42DCE39BA00801ED6 /* FolderListView.swift in Sources */ = {isa = PBXBuildFile; fileRef = 98D3BCE32DCE39BA00801ED6 /* FolderListView.swift */; };
		98D3BCF52DCE39BA00801ED6 /* MoveToFolderView.swift in Sources */ = {isa = PBXBuildFile; fileRef = 98D3BCE42DCE39BA00801ED6 /* MoveToFolderView.swift */; };
		98D3BCF72DCE39BA00801ED6 /* NoteEditorView.swift in Sources */ = {isa = PBXBuildFile; fileRef = 98D3BCE62DCE39BA00801ED6 /* NoteEditorView.swift */; };
		98D3BCF82DCE39BA00801ED6 /* NoteListView.swift in Sources */ = {isa = PBXBuildFile; fileRef = 98D3BCE72DCE39BA00801ED6 /* NoteListView.swift */; };
		98D3BCF92DCE39BA00801ED6 /* NoteManager.swift in Sources */ = {isa = PBXBuildFile; fileRef = 98D3BCE82DCE39BA00801ED6 /* NoteManager.swift */; };
		98D3BCFA2DCE39BA00801ED6 /* NotyChanApp.swift in Sources */ = {isa = PBXBuildFile; fileRef = 98D3BCEA2DCE39BA00801ED6 /* NotyChanApp.swift */; };
		98D3BCFB2DCE39BA00801ED6 /* RecentlyDeletedView.swift in Sources */ = {isa = PBXBuildFile; fileRef = 98D3BCEB2DCE39BA00801ED6 /* RecentlyDeletedView.swift */; };
		98D3BCFC2DCE39BA00801ED6 /* SettingsView.swift in Sources */ = {isa = PBXBuildFile; fileRef = 98D3BCEC2DCE39BA00801ED6 /* SettingsView.swift */; };
		98D3BD002DCE40D300801ED6 /* BiometricAuth.swift in Sources */ = {isa = PBXBuildFile; fileRef = 98D3BCFF2DCE40D300801ED6 /* BiometricAuth.swift */; };
/* End PBXBuildFile section */

/* Begin PBXContainerItemProxy section */
		9808851D2DD06C8F00D7BD32 /* PBXContainerItemProxy */ = {
			isa = PBXContainerItemProxy;
			containerPortal = 981C792B2DCCBD6600A5D7F7 /* Project object */;
			proxyType = 1;
			remoteGlobalIDString = 980885112DD06C8C00D7BD32;
			remoteInfo = "NotyChanWatch Watch App";
		};
/* End PBXContainerItemProxy section */

/* Begin PBXCopyFilesBuildPhase section */
		980E5DA62DD5DBFF0087D6FE /* Embed Foundation Extensions */ = {
			isa = PBXCopyFilesBuildPhase;
			buildActionMask = 2147483647;
			dstPath = "";
			dstSubfolderSpec = 13;
			files = (
			);
			name = "Embed Foundation Extensions";
			runOnlyForDeploymentPostprocessing = 0;
		};
		983BE27F2DCEEB7700BEE2D3 /* Embed Watch Content */ = {
			isa = PBXCopyFilesBuildPhase;
			buildActionMask = 2147483647;
			dstPath = "$(CONTENTS_FOLDER_PATH)/Watch";
			dstSubfolderSpec = 16;
			files = (
				9808851F2DD06C8F00D7BD32 /* NotyChanWatch Watch App.app in Embed Watch Content */,
			);
			name = "Embed Watch Content";
			runOnlyForDeploymentPostprocessing = 0;
		};
/* End PBXCopyFilesBuildPhase section */

/* Begin PBXFileReference section */
		980885122DD06C8C00D7BD32 /* NotyChanWatch Watch App.app */ = {isa = PBXFileReference; explicitFileType = wrapper.application; includeInIndex = 0; path = "NotyChanWatch Watch App.app"; sourceTree = BUILT_PRODUCTS_DIR; };
		9808852C2DD06D2B00D7BD32 /* Preview Assets.xcassets */ = {isa = PBXFileReference; lastKnownFileType = folder.assetcatalog; path = "Preview Assets.xcassets"; sourceTree = "<group>"; };
		9808852E2DD06D2B00D7BD32 /* Assets.xcassets */ = {isa = PBXFileReference; lastKnownFileType = folder.assetcatalog; path = Assets.xcassets; sourceTree = "<group>"; };
		9808852F2DD06D2B00D7BD32 /* ContentView.swift */ = {isa = PBXFileReference; lastKnownFileType = sourcecode.swift; path = ContentView.swift; sourceTree = "<group>"; };
		980885302DD06D2B00D7BD32 /* FolderListView.swift */ = {isa = PBXFileReference; lastKnownFileType = sourcecode.swift; path = FolderListView.swift; sourceTree = "<group>"; };
		980885312DD06D2B00D7BD32 /* NoteListView.swift */ = {isa = PBXFileReference; lastKnownFileType = sourcecode.swift; path = NoteListView.swift; sourceTree = "<group>"; };
		980885322DD06D2B00D7BD32 /* NotyChanWatchApp.swift */ = {isa = PBXFileReference; lastKnownFileType = sourcecode.swift; path = NotyChanWatchApp.swift; sourceTree = "<group>"; };
		980885332DD06D2B00D7BD32 /* WatchSyncManager.swift */ = {isa = PBXFileReference; lastKnownFileType = sourcecode.swift; path = WatchSyncManager.swift; sourceTree = "<group>"; };
		9808853C2DD06D5100D7BD32 /* NoteDetailView.swift */ = {isa = PBXFileReference; lastKnownFileType = sourcecode.swift; path = NoteDetailView.swift; sourceTree = "<group>"; };
		9808853E2DD06D5B00D7BD32 /* WatchSyncPush.swift */ = {isa = PBXFileReference; lastKnownFileType = sourcecode.swift; path = WatchSyncPush.swift; sourceTree = "<group>"; };
		980885412DD06E4A00D7BD32 /* Folder.swift */ = {isa = PBXFileReference; lastKnownFileType = sourcecode.swift; path = Folder.swift; sourceTree = "<group>"; };
		980885422DD06E4A00D7BD32 /* Localizable.xcstrings */ = {isa = PBXFileReference; lastKnownFileType = text.json.xcstrings; path = Localizable.xcstrings; sourceTree = "<group>"; };
		980885432DD06E4A00D7BD32 /* Note.swift */ = {isa = PBXFileReference; lastKnownFileType = sourcecode.swift; path = Note.swift; sourceTree = "<group>"; };
		981322AD2DE2B9E500B0BD17 /* CameraView.swift */ = {isa = PBXFileReference; lastKnownFileType = sourcecode.swift; path = CameraView.swift; sourceTree = "<group>"; };
		981B8AB02DD20DBB0045F520 /* NoteImage.swift */ = {isa = PBXFileReference; lastKnownFileType = sourcecode.swift; path = NoteImage.swift; sourceTree = "<group>"; };
		981B8AB22DD20EAA0045F520 /* GalleryView.swift */ = {isa = PBXFileReference; lastKnownFileType = sourcecode.swift; path = GalleryView.swift; sourceTree = "<group>"; };
		981B8ABB2DD217930045F520 /* ImageDetailView.swift */ = {isa = PBXFileReference; lastKnownFileType = sourcecode.swift; path = ImageDetailView.swift; sourceTree = "<group>"; };
		981B8ABF2DD227400045F520 /* GalleryOverviewView.swift */ = {isa = PBXFileReference; lastKnownFileType = sourcecode.swift; path = GalleryOverviewView.swift; sourceTree = "<group>"; };
		981C79332DCCBD6600A5D7F7 /* NotyChan.app */ = {isa = PBXFileReference; explicitFileType = wrapper.application; includeInIndex = 0; path = NotyChan.app; sourceTree = BUILT_PRODUCTS_DIR; };
		983BE2972DCEECDE00BEE2D3 /* NotyChan.entitlements */ = {isa = PBXFileReference; lastKnownFileType = text.plist.entitlements; path = NotyChan.entitlements; sourceTree = "<group>"; };
		983BE2982DCF3E6500BEE2D3 /* LangView.swift */ = {isa = PBXFileReference; lastKnownFileType = sourcecode.swift; path = LangView.swift; sourceTree = "<group>"; };
		9847FCE32E02C32E00965BBA /* ArchivedNotesView.swift */ = {isa = PBXFileReference; lastKnownFileType = sourcecode.swift; path = ArchivedNotesView.swift; sourceTree = "<group>"; };
		987E66062E5EA61400174BA1 /* AboutView.swift */ = {isa = PBXFileReference; lastKnownFileType = sourcecode.swift; path = AboutView.swift; sourceTree = "<group>"; };
		98D3BCDC2DCE39BA00801ED6 /* Preview Assets.xcassets */ = {isa = PBXFileReference; lastKnownFileType = folder.assetcatalog; path = "Preview Assets.xcassets"; sourceTree = "<group>"; };
		98D3BCDE2DCE39BA00801ED6 /* AcknowledgementsView.swift */ = {isa = PBXFileReference; lastKnownFileType = sourcecode.swift; path = AcknowledgementsView.swift; sourceTree = "<group>"; };
		98D3BCDF2DCE39BA00801ED6 /* Assets.xcassets */ = {isa = PBXFileReference; lastKnownFileType = folder.assetcatalog; path = Assets.xcassets; sourceTree = "<group>"; };
		98D3BCE02DCE39BA00801ED6 /* ContentView.swift */ = {isa = PBXFileReference; lastKnownFileType = sourcecode.swift; path = ContentView.swift; sourceTree = "<group>"; };
		98D3BCE12DCE39BA00801ED6 /* DeveloperView.swift */ = {isa = PBXFileReference; lastKnownFileType = sourcecode.swift; path = DeveloperView.swift; sourceTree = "<group>"; };
		98D3BCE32DCE39BA00801ED6 /* FolderListView.swift */ = {isa = PBXFileReference; lastKnownFileType = sourcecode.swift; path = FolderListView.swift; sourceTree = "<group>"; usesTabs = 0; };
		98D3BCE42DCE39BA00801ED6 /* MoveToFolderView.swift */ = {isa = PBXFileReference; lastKnownFileType = sourcecode.swift; path = MoveToFolderView.swift; sourceTree = "<group>"; };
		98D3BCE62DCE39BA00801ED6 /* NoteEditorView.swift */ = {isa = PBXFileReference; lastKnownFileType = sourcecode.swift; path = NoteEditorView.swift; sourceTree = "<group>"; };
		98D3BCE72DCE39BA00801ED6 /* NoteListView.swift */ = {isa = PBXFileReference; lastKnownFileType = sourcecode.swift; path = NoteListView.swift; sourceTree = "<group>"; };
		98D3BCE82DCE39BA00801ED6 /* NoteManager.swift */ = {isa = PBXFileReference; lastKnownFileType = sourcecode.swift; path = NoteManager.swift; sourceTree = "<group>"; };
		98D3BCEA2DCE39BA00801ED6 /* NotyChanApp.swift */ = {isa = PBXFileReference; lastKnownFileType = sourcecode.swift; path = NotyChanApp.swift; sourceTree = "<group>"; };
		98D3BCEB2DCE39BA00801ED6 /* RecentlyDeletedView.swift */ = {isa = PBXFileReference; lastKnownFileType = sourcecode.swift; path = RecentlyDeletedView.swift; sourceTree = "<group>"; };
		98D3BCEC2DCE39BA00801ED6 /* SettingsView.swift */ = {isa = PBXFileReference; lastKnownFileType = sourcecode.swift; path = SettingsView.swift; sourceTree = "<group>"; };
		98D3BCFF2DCE40D300801ED6 /* BiometricAuth.swift */ = {isa = PBXFileReference; lastKnownFileType = sourcecode.swift; path = BiometricAuth.swift; sourceTree = "<group>"; };
/* End PBXFileReference section */

/* Begin PBXFrameworksBuildPhase section */
		9808850F2DD06C8C00D7BD32 /* Frameworks */ = {
			isa = PBXFrameworksBuildPhase;
			buildActionMask = 2147483647;
			files = (
			);
			runOnlyForDeploymentPostprocessing = 0;
		};
		981C79302DCCBD6600A5D7F7 /* Frameworks */ = {
			isa = PBXFrameworksBuildPhase;
			buildActionMask = 2147483647;
			files = (
				981C79642DCCD12700A5D7F7 /* RichTextKit in Frameworks */,
			);
			runOnlyForDeploymentPostprocessing = 0;
		};
/* End PBXFrameworksBuildPhase section */

/* Begin PBXGroup section */
		9808852D2DD06D2B00D7BD32 /* Preview Content */ = {
			isa = PBXGroup;
			children = (
				9808852C2DD06D2B00D7BD32 /* Preview Assets.xcassets */,
			);
			path = "Preview Content";
			sourceTree = "<group>";
		};
		980885342DD06D2B00D7BD32 /* NotyChanWatch Watch App */ = {
			isa = PBXGroup;
			children = (
				9808852D2DD06D2B00D7BD32 /* Preview Content */,
				9808852E2DD06D2B00D7BD32 /* Assets.xcassets */,
				980885322DD06D2B00D7BD32 /* NotyChanWatchApp.swift */,
				9808852F2DD06D2B00D7BD32 /* ContentView.swift */,
				980885302DD06D2B00D7BD32 /* FolderListView.swift */,
				980885312DD06D2B00D7BD32 /* NoteListView.swift */,
				9808853C2DD06D5100D7BD32 /* NoteDetailView.swift */,
				980885332DD06D2B00D7BD32 /* WatchSyncManager.swift */,
				987E66062E5EA61400174BA1 /* AboutView.swift */,
			);
			path = "NotyChanWatch Watch App";
			sourceTree = "<group>";
		};
		980885442DD06E4A00D7BD32 /* Shared */ = {
			isa = PBXGroup;
			children = (
				980885422DD06E4A00D7BD32 /* Localizable.xcstrings */,
				980885412DD06E4A00D7BD32 /* Folder.swift */,
				980885432DD06E4A00D7BD32 /* Note.swift */,
			);
			path = Shared;
			sourceTree = "<group>";
		};
		981C792A2DCCBD6600A5D7F7 = {
			isa = PBXGroup;
			children = (
				980885442DD06E4A00D7BD32 /* Shared */,
				98D3BCED2DCE39BA00801ED6 /* NotyChan */,
				980885342DD06D2B00D7BD32 /* NotyChanWatch Watch App */,
				981C79342DCCBD6600A5D7F7 /* Products */,
			);
			sourceTree = "<group>";
		};
		981C79342DCCBD6600A5D7F7 /* Products */ = {
			isa = PBXGroup;
			children = (
				981C79332DCCBD6600A5D7F7 /* NotyChan.app */,
				980885122DD06C8C00D7BD32 /* NotyChanWatch Watch App.app */,
			);
			name = Products;
			sourceTree = "<group>";
		};
		98D3BCDD2DCE39BA00801ED6 /* Preview Content */ = {
			isa = PBXGroup;
			children = (
				98D3BCDC2DCE39BA00801ED6 /* Preview Assets.xcassets */,
			);
			path = "Preview Content";
			sourceTree = "<group>";
		};
		98D3BCED2DCE39BA00801ED6 /* NotyChan */ = {
			isa = PBXGroup;
			children = (
				98D3BCEA2DCE39BA00801ED6 /* NotyChanApp.swift */,
				98D3BCE02DCE39BA00801ED6 /* ContentView.swift */,
				98D3BCE32DCE39BA00801ED6 /* FolderListView.swift */,
				98D3BCE72DCE39BA00801ED6 /* NoteListView.swift */,
				98D3BCEB2DCE39BA00801ED6 /* RecentlyDeletedView.swift */,
				98D3BCE62DCE39BA00801ED6 /* NoteEditorView.swift */,
				98D3BCE42DCE39BA00801ED6 /* MoveToFolderView.swift */,
				981B8AB22DD20EAA0045F520 /* GalleryView.swift */,
				981B8ABF2DD227400045F520 /* GalleryOverviewView.swift */,
				981B8ABB2DD217930045F520 /* ImageDetailView.swift */,
				98D3BCEC2DCE39BA00801ED6 /* SettingsView.swift */,
				9847FCE32E02C32E00965BBA /* ArchivedNotesView.swift */,
				983BE2982DCF3E6500BEE2D3 /* LangView.swift */,
				98D3BCDE2DCE39BA00801ED6 /* AcknowledgementsView.swift */,
				98D3BCE12DCE39BA00801ED6 /* DeveloperView.swift */,
				981322AD2DE2B9E500B0BD17 /* CameraView.swift */,
				98D3BCE82DCE39BA00801ED6 /* NoteManager.swift */,
				98D3BCFF2DCE40D300801ED6 /* BiometricAuth.swift */,
				9808853E2DD06D5B00D7BD32 /* WatchSyncPush.swift */,
				981B8AB02DD20DBB0045F520 /* NoteImage.swift */,
				98D3BCDF2DCE39BA00801ED6 /* Assets.xcassets */,
				983BE2972DCEECDE00BEE2D3 /* NotyChan.entitlements */,
				98D3BCDD2DCE39BA00801ED6 /* Preview Content */,
			);
			path = NotyChan;
			sourceTree = "<group>";
		};
/* End PBXGroup section */

/* Begin PBXNativeTarget section */
		980885112DD06C8C00D7BD32 /* NotyChanWatch Watch App */ = {
			isa = PBXNativeTarget;
			buildConfigurationList = 980885202DD06C8F00D7BD32 /* Build configuration list for PBXNativeTarget "NotyChanWatch Watch App" */;
			buildPhases = (
				9808850E2DD06C8C00D7BD32 /* Sources */,
				9808850F2DD06C8C00D7BD32 /* Frameworks */,
				980885102DD06C8C00D7BD32 /* Resources */,
			);
			buildRules = (
			);
			dependencies = (
			);
			name = "NotyChanWatch Watch App";
			packageProductDependencies = (
			);
			productName = "NotyChanWatch Watch App";
			productReference = 980885122DD06C8C00D7BD32 /* NotyChanWatch Watch App.app */;
			productType = "com.apple.product-type.application";
		};
		981C79322DCCBD6600A5D7F7 /* NotyChan */ = {
			isa = PBXNativeTarget;
			buildConfigurationList = 981C79412DCCBD6900A5D7F7 /* Build configuration list for PBXNativeTarget "NotyChan" */;
			buildPhases = (
				981C792F2DCCBD6600A5D7F7 /* Sources */,
				981C79302DCCBD6600A5D7F7 /* Frameworks */,
				981C79312DCCBD6600A5D7F7 /* Resources */,
				983BE27F2DCEEB7700BEE2D3 /* Embed Watch Content */,
				980E5DA62DD5DBFF0087D6FE /* Embed Foundation Extensions */,
			);
			buildRules = (
			);
			dependencies = (
				9808851E2DD06C8F00D7BD32 /* PBXTargetDependency */,
			);
			name = NotyChan;
			packageProductDependencies = (
				981C79632DCCD12700A5D7F7 /* RichTextKit */,
			);
			productName = NotyChan;
			productReference = 981C79332DCCBD6600A5D7F7 /* NotyChan.app */;
			productType = "com.apple.product-type.application";
		};
/* End PBXNativeTarget section */

/* Begin PBXProject section */
		981C792B2DCCBD6600A5D7F7 /* Project object */ = {
			isa = PBXProject;
			attributes = {
				BuildIndependentTargetsInParallel = 1;
				LastSwiftUpdateCheck = 1600;
				LastUpgradeCheck = 1640;
				TargetAttributes = {
					980885112DD06C8C00D7BD32 = {
						CreatedOnToolsVersion = 16.0;
					};
					981C79322DCCBD6600A5D7F7 = {
						CreatedOnToolsVersion = 16.0;
					};
				};
			};
			buildConfigurationList = 981C792E2DCCBD6600A5D7F7 /* Build configuration list for PBXProject "NotyChan" */;
			developmentRegion = en;
			hasScannedForEncodings = 0;
			knownRegions = (
				en,
				Base,
				"zh-Hant",
			);
			mainGroup = 981C792A2DCCBD6600A5D7F7;
			minimizedProjectReferenceProxies = 1;
			packageReferences = (
				981C79622DCCD12700A5D7F7 /* XCRemoteSwiftPackageReference "RichTextKit" */,
			);
			preferredProjectObjectVersion = 77;
			productRefGroup = 981C79342DCCBD6600A5D7F7 /* Products */;
			projectDirPath = "";
			projectRoot = "";
			targets = (
				981C79322DCCBD6600A5D7F7 /* NotyChan */,
				980885112DD06C8C00D7BD32 /* NotyChanWatch Watch App */,
			);
		};
/* End PBXProject section */

/* Begin PBXResourcesBuildPhase section */
		980885102DD06C8C00D7BD32 /* Resources */ = {
			isa = PBXResourcesBuildPhase;
			buildActionMask = 2147483647;
			files = (
				9808853A2DD06D2B00D7BD32 /* Preview Assets.xcassets in Resources */,
				9808853B2DD06D2B00D7BD32 /* Assets.xcassets in Resources */,
				980885472DD06E4A00D7BD32 /* Localizable.xcstrings in Resources */,
			);
			runOnlyForDeploymentPostprocessing = 0;
		};
		981C79312DCCBD6600A5D7F7 /* Resources */ = {
			isa = PBXResourcesBuildPhase;
			buildActionMask = 2147483647;
			files = (
				98D3BCEE2DCE39BA00801ED6 /* Preview Assets.xcassets in Resources */,
				98D3BCEF2DCE39BA00801ED6 /* Assets.xcassets in Resources */,
				9808854A2DD06E4A00D7BD32 /* Localizable.xcstrings in Resources */,
			);
			runOnlyForDeploymentPostprocessing = 0;
		};
/* End PBXResourcesBuildPhase section */

/* Begin PBXSourcesBuildPhase section */
		9808850E2DD06C8C00D7BD32 /* Sources */ = {
			isa = PBXSourcesBuildPhase;
			buildActionMask = 2147483647;
			files = (
				980885352DD06D2B00D7BD32 /* ContentView.swift in Sources */,
				980885362DD06D2B00D7BD32 /* FolderListView.swift in Sources */,
				980885372DD06D2B00D7BD32 /* NoteListView.swift in Sources */,
				9808853D2DD06D5100D7BD32 /* NoteDetailView.swift in Sources */,
				987E66072E5EA61400174BA1 /* AboutView.swift in Sources */,
				980885382DD06D2B00D7BD32 /* NotyChanWatchApp.swift in Sources */,
				981B8AB42DD20EF90045F520 /* NoteImage.swift in Sources */,
				980885392DD06D2B00D7BD32 /* WatchSyncManager.swift in Sources */,
				980885452DD06E4A00D7BD32 /* Folder.swift in Sources */,
				980885462DD06E4A00D7BD32 /* Note.swift in Sources */,
			);
			runOnlyForDeploymentPostprocessing = 0;
		};
		981C792F2DCCBD6600A5D7F7 /* Sources */ = {
			isa = PBXSourcesBuildPhase;
			buildActionMask = 2147483647;
			files = (
				983BE2992DCF3E6500BEE2D3 /* LangView.swift in Sources */,
				981B8AB12DD20DBB0045F520 /* NoteImage.swift in Sources */,
				98D3BCF02DCE39BA00801ED6 /* AcknowledgementsView.swift in Sources */,
				9808853F2DD06D5B00D7BD32 /* WatchSyncPush.swift in Sources */,
				9847FCE42E02C32E00965BBA /* ArchivedNotesView.swift in Sources */,
				980885482DD06E4A00D7BD32 /* Folder.swift in Sources */,
				980885492DD06E4A00D7BD32 /* Note.swift in Sources */,
				98D3BCF12DCE39BA00801ED6 /* ContentView.swift in Sources */,
				981B8AB32DD20EAA0045F520 /* GalleryView.swift in Sources */,
				98D3BCF22DCE39BA00801ED6 /* DeveloperView.swift in Sources */,
				98D3BCF42DCE39BA00801ED6 /* FolderListView.swift in Sources */,
				98D3BCF52DCE39BA00801ED6 /* MoveToFolderView.swift in Sources */,
				98D3BCF72DCE39BA00801ED6 /* NoteEditorView.swift in Sources */,
				98D3BCF82DCE39BA00801ED6 /* NoteListView.swift in Sources */,
				98D3BCF92DCE39BA00801ED6 /* NoteManager.swift in Sources */,
				981B8AC02DD227400045F520 /* GalleryOverviewView.swift in Sources */,
				981B8ABC2DD217930045F520 /* ImageDetailView.swift in Sources */,
				98D3BD002DCE40D300801ED6 /* BiometricAuth.swift in Sources */,
				98D3BCFA2DCE39BA00801ED6 /* NotyChanApp.swift in Sources */,
				98D3BCFB2DCE39BA00801ED6 /* RecentlyDeletedView.swift in Sources */,
				981322AE2DE2B9E500B0BD17 /* CameraView.swift in Sources */,
				98D3BCFC2DCE39BA00801ED6 /* SettingsView.swift in Sources */,
			);
			runOnlyForDeploymentPostprocessing = 0;
		};
/* End PBXSourcesBuildPhase section */

/* Begin PBXTargetDependency section */
		9808851E2DD06C8F00D7BD32 /* PBXTargetDependency */ = {
			isa = PBXTargetDependency;
			platformFilter = ios;
			target = 980885112DD06C8C00D7BD32 /* NotyChanWatch Watch App */;
			targetProxy = 9808851D2DD06C8F00D7BD32 /* PBXContainerItemProxy */;
		};
/* End PBXTargetDependency section */

/* Begin XCBuildConfiguration section */
		980885212DD06C8F00D7BD32 /* Debug */ = {
			isa = XCBuildConfiguration;
			buildSettings = {
				ASSETCATALOG_COMPILER_APPICON_NAME = AppIcon;
				ASSETCATALOG_COMPILER_GLOBAL_ACCENT_COLOR_NAME = AccentColor;
				CODE_SIGN_STYLE = Automatic;
				CURRENT_PROJECT_VERSION = 6;
				DEVELOPMENT_ASSET_PATHS = "\"NotyChanWatch Watch App/Preview Content\"";
				ENABLE_PREVIEWS = YES;
				GENERATE_INFOPLIST_FILE = YES;
				INFOPLIST_KEY_CFBundleDisplayName = NotyChan;
				INFOPLIST_KEY_UISupportedInterfaceOrientations = "UIInterfaceOrientationPortrait UIInterfaceOrientationPortraitUpsideDown";
				INFOPLIST_KEY_WKCompanionAppBundleIdentifier = com.yorkdev.NotyChan;
				LD_RUNPATH_SEARCH_PATHS = (
					"$(inherited)",
					"@executable_path/Frameworks",
				);
				MARKETING_VERSION = 1.4.1;
				PRODUCT_BUNDLE_IDENTIFIER = com.yorkdev.NotyChan.watchkitapp;
				PRODUCT_NAME = "$(TARGET_NAME)";
				SDKROOT = watchos;
				SKIP_INSTALL = YES;
				SWIFT_EMIT_LOC_STRINGS = YES;
				SWIFT_VERSION = 5.0;
				TARGETED_DEVICE_FAMILY = 4;
				WATCHOS_DEPLOYMENT_TARGET = 10.0;
			};
			name = Debug;
		};
		980885222DD06C8F00D7BD32 /* Release */ = {
			isa = XCBuildConfiguration;
			buildSettings = {
				ASSETCATALOG_COMPILER_APPICON_NAME = AppIcon;
				ASSETCATALOG_COMPILER_GLOBAL_ACCENT_COLOR_NAME = AccentColor;
				CODE_SIGN_STYLE = Automatic;
				CURRENT_PROJECT_VERSION = 6;
				DEVELOPMENT_ASSET_PATHS = "\"NotyChanWatch Watch App/Preview Content\"";
				ENABLE_PREVIEWS = YES;
				GENERATE_INFOPLIST_FILE = YES;
				INFOPLIST_KEY_CFBundleDisplayName = NotyChan;
				INFOPLIST_KEY_UISupportedInterfaceOrientations = "UIInterfaceOrientationPortrait UIInterfaceOrientationPortraitUpsideDown";
				INFOPLIST_KEY_WKCompanionAppBundleIdentifier = com.yorkdev.NotyChan;
				LD_RUNPATH_SEARCH_PATHS = (
					"$(inherited)",
					"@executable_path/Frameworks",
				);
				MARKETING_VERSION = 1.4.1;
				PRODUCT_BUNDLE_IDENTIFIER = com.yorkdev.NotyChan.watchkitapp;
				PRODUCT_NAME = "$(TARGET_NAME)";
				SDKROOT = watchos;
				SKIP_INSTALL = YES;
				SWIFT_EMIT_LOC_STRINGS = YES;
				SWIFT_VERSION = 5.0;
				TARGETED_DEVICE_FAMILY = 4;
				WATCHOS_DEPLOYMENT_TARGET = 10.0;
			};
			name = Release;
		};
		981C793F2DCCBD6900A5D7F7 /* Debug */ = {
			isa = XCBuildConfiguration;
			buildSettings = {
				ALWAYS_SEARCH_USER_PATHS = NO;
				ASSETCATALOG_COMPILER_GENERATE_SWIFT_ASSET_SYMBOL_EXTENSIONS = YES;
				CLANG_ANALYZER_LOCALIZABILITY_NONLOCALIZED = YES;
				CLANG_ANALYZER_NONNULL = YES;
				CLANG_ANALYZER_NUMBER_OBJECT_CONVERSION = YES_AGGRESSIVE;
				CLANG_CXX_LANGUAGE_STANDARD = "gnu++20";
				CLANG_ENABLE_MODULES = YES;
				CLANG_ENABLE_OBJC_ARC = YES;
				CLANG_ENABLE_OBJC_WEAK = YES;
				CLANG_WARN_BLOCK_CAPTURE_AUTORELEASING = YES;
				CLANG_WARN_BOOL_CONVERSION = YES;
				CLANG_WARN_COMMA = YES;
				CLANG_WARN_CONSTANT_CONVERSION = YES;
				CLANG_WARN_DEPRECATED_OBJC_IMPLEMENTATIONS = YES;
				CLANG_WARN_DIRECT_OBJC_ISA_USAGE = YES_ERROR;
				CLANG_WARN_DOCUMENTATION_COMMENTS = YES;
				CLANG_WARN_EMPTY_BODY = YES;
				CLANG_WARN_ENUM_CONVERSION = YES;
				CLANG_WARN_INFINITE_RECURSION = YES;
				CLANG_WARN_INT_CONVERSION = YES;
				CLANG_WARN_NON_LITERAL_NULL_CONVERSION = YES;
				CLANG_WARN_OBJC_IMPLICIT_RETAIN_SELF = YES;
				CLANG_WARN_OBJC_LITERAL_CONVERSION = YES;
				CLANG_WARN_OBJC_ROOT_CLASS = YES_ERROR;
				CLANG_WARN_QUOTED_INCLUDE_IN_FRAMEWORK_HEADER = YES;
				CLANG_WARN_RANGE_LOOP_ANALYSIS = YES;
				CLANG_WARN_STRICT_PROTOTYPES = YES;
				CLANG_WARN_SUSPICIOUS_MOVE = YES;
				CLANG_WARN_UNGUARDED_AVAILABILITY = YES_AGGRESSIVE;
				CLANG_WARN_UNREACHABLE_CODE = YES;
				CLANG_WARN__DUPLICATE_METHOD_MATCH = YES;
				COPY_PHASE_STRIP = NO;
				DEBUG_INFORMATION_FORMAT = dwarf;
				DEVELOPMENT_TEAM = Z27QLJCPBB;
				ENABLE_STRICT_OBJC_MSGSEND = YES;
				ENABLE_TESTABILITY = YES;
				ENABLE_USER_SCRIPT_SANDBOXING = YES;
				GCC_C_LANGUAGE_STANDARD = gnu17;
				GCC_DYNAMIC_NO_PIC = NO;
				GCC_NO_COMMON_BLOCKS = YES;
				GCC_OPTIMIZATION_LEVEL = 0;
				GCC_PREPROCESSOR_DEFINITIONS = (
					"DEBUG=1",
					"$(inherited)",
				);
				GCC_WARN_64_TO_32_BIT_CONVERSION = YES;
				GCC_WARN_ABOUT_RETURN_TYPE = YES_ERROR;
				GCC_WARN_UNDECLARED_SELECTOR = YES;
				GCC_WARN_UNINITIALIZED_AUTOS = YES_AGGRESSIVE;
				GCC_WARN_UNUSED_FUNCTION = YES;
				GCC_WARN_UNUSED_VARIABLE = YES;
				IPHONEOS_DEPLOYMENT_TARGET = 18.0;
				LOCALIZATION_PREFERS_STRING_CATALOGS = YES;
				MTL_ENABLE_DEBUG_INFO = INCLUDE_SOURCE;
				MTL_FAST_MATH = YES;
				ONLY_ACTIVE_ARCH = YES;
				SDKROOT = iphoneos;
				SWIFT_ACTIVE_COMPILATION_CONDITIONS = "DEBUG $(inherited)";
				SWIFT_EMIT_LOC_STRINGS = YES;
				SWIFT_OPTIMIZATION_LEVEL = "-Onone";
			};
			name = Debug;
		};
		981C79402DCCBD6900A5D7F7 /* Release */ = {
			isa = XCBuildConfiguration;
			buildSettings = {
				ALWAYS_SEARCH_USER_PATHS = NO;
				ASSETCATALOG_COMPILER_GENERATE_SWIFT_ASSET_SYMBOL_EXTENSIONS = YES;
				CLANG_ANALYZER_LOCALIZABILITY_NONLOCALIZED = YES;
				CLANG_ANALYZER_NONNULL = YES;
				CLANG_ANALYZER_NUMBER_OBJECT_CONVERSION = YES_AGGRESSIVE;
				CLANG_CXX_LANGUAGE_STANDARD = "gnu++20";
				CLANG_ENABLE_MODULES = YES;
				CLANG_ENABLE_OBJC_ARC = YES;
				CLANG_ENABLE_OBJC_WEAK = YES;
				CLANG_WARN_BLOCK_CAPTURE_AUTORELEASING = YES;
				CLANG_WARN_BOOL_CONVERSION = YES;
				CLANG_WARN_COMMA = YES;
				CLANG_WARN_CONSTANT_CONVERSION = YES;
				CLANG_WARN_DEPRECATED_OBJC_IMPLEMENTATIONS = YES;
				CLANG_WARN_DIRECT_OBJC_ISA_USAGE = YES_ERROR;
				CLANG_WARN_DOCUMENTATION_COMMENTS = YES;
				CLANG_WARN_EMPTY_BODY = YES;
				CLANG_WARN_ENUM_CONVERSION = YES;
				CLANG_WARN_INFINITE_RECURSION = YES;
				CLANG_WARN_INT_CONVERSION = YES;
				CLANG_WARN_NON_LITERAL_NULL_CONVERSION = YES;
				CLANG_WARN_OBJC_IMPLICIT_RETAIN_SELF = YES;
				CLANG_WARN_OBJC_LITERAL_CONVERSION = YES;
				CLANG_WARN_OBJC_ROOT_CLASS = YES_ERROR;
				CLANG_WARN_QUOTED_INCLUDE_IN_FRAMEWORK_HEADER = YES;
				CLANG_WARN_RANGE_LOOP_ANALYSIS = YES;
				CLANG_WARN_STRICT_PROTOTYPES = YES;
				CLANG_WARN_SUSPICIOUS_MOVE = YES;
				CLANG_WARN_UNGUARDED_AVAILABILITY = YES_AGGRESSIVE;
				CLANG_WARN_UNREACHABLE_CODE = YES;
				CLANG_WARN__DUPLICATE_METHOD_MATCH = YES;
				COPY_PHASE_STRIP = NO;
				DEBUG_INFORMATION_FORMAT = "dwarf-with-dsym";
				DEVELOPMENT_TEAM = Z27QLJCPBB;
				ENABLE_NS_ASSERTIONS = NO;
				ENABLE_STRICT_OBJC_MSGSEND = YES;
				ENABLE_USER_SCRIPT_SANDBOXING = YES;
				GCC_C_LANGUAGE_STANDARD = gnu17;
				GCC_NO_COMMON_BLOCKS = YES;
				GCC_WARN_64_TO_32_BIT_CONVERSION = YES;
				GCC_WARN_ABOUT_RETURN_TYPE = YES_ERROR;
				GCC_WARN_UNDECLARED_SELECTOR = YES;
				GCC_WARN_UNINITIALIZED_AUTOS = YES_AGGRESSIVE;
				GCC_WARN_UNUSED_FUNCTION = YES;
				GCC_WARN_UNUSED_VARIABLE = YES;
				IPHONEOS_DEPLOYMENT_TARGET = 18.0;
				LOCALIZATION_PREFERS_STRING_CATALOGS = YES;
				MTL_ENABLE_DEBUG_INFO = NO;
				MTL_FAST_MATH = YES;
				SDKROOT = iphoneos;
				SWIFT_COMPILATION_MODE = wholemodule;
				SWIFT_EMIT_LOC_STRINGS = YES;
				VALIDATE_PRODUCT = YES;
			};
			name = Release;
		};
		981C79422DCCBD6900A5D7F7 /* Debug */ = {
			isa = XCBuildConfiguration;
			buildSettings = {
				ASSETCATALOG_COMPILER_APPICON_NAME = AppIcon;
				ASSETCATALOG_COMPILER_GLOBAL_ACCENT_COLOR_NAME = AccentColor;
				CODE_SIGN_ENTITLEMENTS = NotyChan/NotyChan.entitlements;
				CODE_SIGN_STYLE = Automatic;
				CURRENT_PROJECT_VERSION = 6;
				DEVELOPMENT_ASSET_PATHS = "\"NotyChan/Preview Content\"";
				ENABLE_PREVIEWS = YES;
				GENERATE_INFOPLIST_FILE = YES;
				INFOPLIST_FILE = "";
				INFOPLIST_KEY_CFBundleDisplayName = NotyChan;
				INFOPLIST_KEY_LSApplicationCategoryType = "public.app-category.utilities";
				INFOPLIST_KEY_NSCameraUsageDescription = "This app needs access to your camera to add photos to your note gallery.";
				INFOPLIST_KEY_NSFaceIDUsageDescription = "Face ID is required to lock/unlock your notes.";
				INFOPLIST_KEY_NSPhotoLibraryUsageDescription = "This app needs access to your photo library to save the pictures you take with this app to your Photos.";
				INFOPLIST_KEY_UIApplicationSceneManifest_Generation = YES;
				INFOPLIST_KEY_UIApplicationSupportsIndirectInputEvents = YES;
				INFOPLIST_KEY_UILaunchScreen_Generation = YES;
				INFOPLIST_KEY_UISupportedInterfaceOrientations_iPad = "UIInterfaceOrientationPortrait UIInterfaceOrientationPortraitUpsideDown UIInterfaceOrientationLandscapeLeft UIInterfaceOrientationLandscapeRight";
				INFOPLIST_KEY_UISupportedInterfaceOrientations_iPhone = "UIInterfaceOrientationPortrait UIInterfaceOrientationLandscapeLeft UIInterfaceOrientationLandscapeRight";
				IPHONEOS_DEPLOYMENT_TARGET = 17;
				LD_RUNPATH_SEARCH_PATHS = (
					"$(inherited)",
					"@executable_path/Frameworks",
				);
				MARKETING_VERSION = 1.4.1;
				PRODUCT_BUNDLE_IDENTIFIER = com.yorkdev.NotyChan;
				PRODUCT_NAME = "$(TARGET_NAME)";
				SUPPORTED_PLATFORMS = "iphoneos iphonesimulator";
				SUPPORTS_MACCATALYST = YES;
				SWIFT_EMIT_LOC_STRINGS = YES;
				SWIFT_VERSION = 5.0;
				TARGETED_DEVICE_FAMILY = "1,2";
			};
			name = Debug;
		};
		981C79432DCCBD6900A5D7F7 /* Release */ = {
			isa = XCBuildConfiguration;
			buildSettings = {
				ASSETCATALOG_COMPILER_APPICON_NAME = AppIcon;
				ASSETCATALOG_COMPILER_GLOBAL_ACCENT_COLOR_NAME = AccentColor;
				CODE_SIGN_ENTITLEMENTS = NotyChan/NotyChan.entitlements;
				CODE_SIGN_STYLE = Automatic;
				CURRENT_PROJECT_VERSION = 6;
				DEVELOPMENT_ASSET_PATHS = "\"NotyChan/Preview Content\"";
				ENABLE_PREVIEWS = YES;
				GENERATE_INFOPLIST_FILE = YES;
				INFOPLIST_FILE = "";
				INFOPLIST_KEY_CFBundleDisplayName = NotyChan;
				INFOPLIST_KEY_LSApplicationCategoryType = "public.app-category.utilities";
				INFOPLIST_KEY_NSCameraUsageDescription = "This app needs access to your camera to add photos to your note gallery.";
				INFOPLIST_KEY_NSFaceIDUsageDescription = "Face ID is required to lock/unlock your notes.";
				INFOPLIST_KEY_NSPhotoLibraryUsageDescription = "This app needs access to your photo library to save the pictures you take with this app to your Photos.";
				INFOPLIST_KEY_UIApplicationSceneManifest_Generation = YES;
				INFOPLIST_KEY_UIApplicationSupportsIndirectInputEvents = YES;
				INFOPLIST_KEY_UILaunchScreen_Generation = YES;
				INFOPLIST_KEY_UISupportedInterfaceOrientations_iPad = "UIInterfaceOrientationPortrait UIInterfaceOrientationPortraitUpsideDown UIInterfaceOrientationLandscapeLeft UIInterfaceOrientationLandscapeRight";
				INFOPLIST_KEY_UISupportedInterfaceOrientations_iPhone = "UIInterfaceOrientationPortrait UIInterfaceOrientationLandscapeLeft UIInterfaceOrientationLandscapeRight";
				IPHONEOS_DEPLOYMENT_TARGET = 17;
				LD_RUNPATH_SEARCH_PATHS = (
					"$(inherited)",
					"@executable_path/Frameworks",
				);
				MARKETING_VERSION = 1.4.1;
				PRODUCT_BUNDLE_IDENTIFIER = com.yorkdev.NotyChan;
				PRODUCT_NAME = "$(TARGET_NAME)";
				SUPPORTED_PLATFORMS = "iphoneos iphonesimulator";
				SUPPORTS_MACCATALYST = YES;
				SWIFT_EMIT_LOC_STRINGS = YES;
				SWIFT_VERSION = 5.0;
				TARGETED_DEVICE_FAMILY = "1,2";
			};
			name = Release;
		};
/* End XCBuildConfiguration section */

/* Begin XCConfigurationList section */
		980885202DD06C8F00D7BD32 /* Build configuration list for PBXNativeTarget "NotyChanWatch Watch App" */ = {
			isa = XCConfigurationList;
			buildConfigurations = (
				980885212DD06C8F00D7BD32 /* Debug */,
				980885222DD06C8F00D7BD32 /* Release */,
			);
			defaultConfigurationIsVisible = 0;
			defaultConfigurationName = Release;
		};
		981C792E2DCCBD6600A5D7F7 /* Build configuration list for PBXProject "NotyChan" */ = {
			isa = XCConfigurationList;
			buildConfigurations = (
				981C793F2DCCBD6900A5D7F7 /* Debug */,
				981C79402DCCBD6900A5D7F7 /* Release */,
			);
			defaultConfigurationIsVisible = 0;
			defaultConfigurationName = Release;
		};
		981C79412DCCBD6900A5D7F7 /* Build configuration list for PBXNativeTarget "NotyChan" */ = {
			isa = XCConfigurationList;
			buildConfigurations = (
				981C79422DCCBD6900A5D7F7 /* Debug */,
				981C79432DCCBD6900A5D7F7 /* Release */,
			);
			defaultConfigurationIsVisible = 0;
			defaultConfigurationName = Release;
		};
/* End XCConfigurationList section */

/* Begin XCRemoteSwiftPackageReference section */
		981C79622DCCD12700A5D7F7 /* XCRemoteSwiftPackageReference "RichTextKit" */ = {
			isa = XCRemoteSwiftPackageReference;
			repositoryURL = "https://github.com/danielsaidi/RichTextKit.git";
			requirement = {
				kind = upToNextMajorVersion;
				minimumVersion = 1.2.0;
			};
		};
/* End XCRemoteSwiftPackageReference section */

/* Begin XCSwiftPackageProductDependency section */
		981C79632DCCD12700A5D7F7 /* RichTextKit */ = {
			isa = XCSwiftPackageProductDependency;
			package = 981C79622DCCD12700A5D7F7 /* XCRemoteSwiftPackageReference "RichTextKit" */;
			productName = RichTextKit;
		};
/* End XCSwiftPackageProductDependency section */
	};
	rootObject = 981C792B2DCCBD6600A5D7F7 /* Project object */;
}
